
Microsoft Visual Studio Solution File, Format Version 12.00
# Visual Studio Version 17
VisualStudioVersion = 17.2.32616.157
MinimumVisualStudioVersion = 10.0.40219.1
Project("{FAE04EC0-301F-11D3-BF4B-00C04F79EFBC}") = "crud", "crud\crud.csproj", "{FBC30469-6EDF-4F9F-AD49-A25593236DED}"
EndProject
Global
	GlobalSection(SolutionConfigurationPlatforms) = preSolution
		Debug|Any CPU = Debug|Any CPU
		Release|Any CPU = Release|Any CPU
	EndGlobalSection
	GlobalSection(ProjectConfigurationPlatforms) = postSolution
		{FBC30469-6EDF-4F9F-AD49-A25593236DED}.Debug|Any CPU.ActiveCfg = Debug|Any CPU
		{FBC30469-6EDF-4F9F-AD49-A25593236DED}.Debug|Any CPU.Build.0 = Debug|Any CPU
		{FBC30469-6EDF-4F9F-AD49-A25593236DED}.Release|Any CPU.ActiveCfg = Release|Any CPU
		{FBC30469-6EDF-4F9F-AD49-A25593236DED}.Release|Any CPU.Build.0 = Release|Any CPU
	EndGlobalSection
	GlobalSection(SolutionProperties) = preSolution
		HideSolutionNode = FALSE
	EndGlobalSection
	GlobalSection(ExtensibilityGlobals) = postSolution
		SolutionGuid = {D28AECE8-26DA-47C8-9C16-56A84AA55427}
	EndGlobalSection
EndGlobal
